
Microsoft Visual Studio Solution File, Format Version 12.00
# Visual Studio Version 16
VisualStudioVersion = 16.0.29306.81
MinimumVisualStudioVersion = 10.0.40219.1
Project("{9A19103F-16F7-4668-BE54-9A1E7A4F7556}") = "Sero.Core", "Sero.Core\Sero.Core.csproj", "{CB34CEA7-6A13-418C-B6E3-18F91B27C701}"
EndProject
Project("{FAE04EC0-301F-11D3-BF4B-00C04F79EFBC}") = "WebTest", "WebTest\WebTest.csproj", "{95B8739B-49CD-4265-9876-0A7E9F51DBE5}"
EndProject
Global
	GlobalSection(SolutionConfigurationPlatforms) = preSolution
		Debug|Any CPU = Debug|Any CPU
		Release|Any CPU = Release|Any CPU
	EndGlobalSection
	GlobalSection(ProjectConfigurationPlatforms) = postSolution
		{CB34CEA7-6A13-418C-B6E3-18F91B27C701}.Debug|Any CPU.ActiveCfg = Debug|Any CPU
		{CB34CEA7-6A13-418C-B6E3-18F91B27C701}.Debug|Any CPU.Build.0 = Debug|Any CPU
		{CB34CEA7-6A13-418C-B6E3-18F91B27C701}.Release|Any CPU.ActiveCfg = Release|Any CPU
		{CB34CEA7-6A13-418C-B6E3-18F91B27C701}.Release|Any CPU.Build.0 = Release|Any CPU
		{95B8739B-49CD-4265-9876-0A7E9F51DBE5}.Debug|Any CPU.ActiveCfg = Debug|Any CPU
		{95B8739B-49CD-4265-9876-0A7E9F51DBE5}.Debug|Any CPU.Build.0 = Debug|Any CPU
		{95B8739B-49CD-4265-9876-0A7E9F51DBE5}.Release|Any CPU.ActiveCfg = Release|Any CPU
		{95B8739B-49CD-4265-9876-0A7E9F51DBE5}.Release|Any CPU.Build.0 = Release|Any CPU
	EndGlobalSection
	GlobalSection(SolutionProperties) = preSolution
		HideSolutionNode = FALSE
	EndGlobalSection
	GlobalSection(ExtensibilityGlobals) = postSolution
		SolutionGuid = {632771FE-A40C-4DE9-A438-3AA5F746EFF5}
	EndGlobalSection
EndGlobal
